// !$*UTF8*$!
{
	archiveVersion = 1;
	classes = {
	};
	objectVersion = 46;
	objects = {

/* Begin PBXBuildFile section */
		F0268B3B1C05B20300EDF8C0 /* AppDelegate.swift in Sources */ = {isa = PBXBuildFile; fileRef = F0268B3A1C05B20300EDF8C0 /* AppDelegate.swift */; };
		F0268B3D1C05B20300EDF8C0 /* ViewController.swift in Sources */ = {isa = PBXBuildFile; fileRef = F0268B3C1C05B20300EDF8C0 /* ViewController.swift */; };
		F0268B401C05B20300EDF8C0 /* Main.storyboard in Resources */ = {isa = PBXBuildFile; fileRef = F0268B3E1C05B20300EDF8C0 /* Main.storyboard */; };
		F0268B421C05B20300EDF8C0 /* Assets.xcassets in Resources */ = {isa = PBXBuildFile; fileRef = F0268B411C05B20300EDF8C0 /* Assets.xcassets */; };
		F0268B451C05B20300EDF8C0 /* LaunchScreen.storyboard in Resources */ = {isa = PBXBuildFile; fileRef = F0268B431C05B20300EDF8C0 /* LaunchScreen.storyboard */; };
/* End PBXBuildFile section */

/* Begin PBXFileReference section */
		F0268B371C05B20300EDF8C0 /* TPremium_Home.app */ = {isa = PBXFileReference; explicitFileType = wrapper.application; includeInIndex = 0; path = TPremium_Home.app; sourceTree = BUILT_PRODUCTS_DIR; };
		F0268B3A1C05B20300EDF8C0 /* AppDelegate.swift */ = {isa = PBXFileReference; lastKnownFileType = sourcecode.swift; path = AppDelegate.swift; sourceTree = "<group>"; };
		F0268B3C1C05B20300EDF8C0 /* ViewController.swift */ = {isa = PBXFileReference; lastKnownFileType = sourcecode.swift; path = ViewController.swift; sourceTree = "<group>"; };
		F0268B3F1C05B20300EDF8C0 /* Base */ = {isa = PBXFileReference; lastKnownFileType = file.storyboard; name = Base; path = Base.lproj/Main.storyboard; sourceTree = "<group>"; };
		F0268B411C05B20300EDF8C0 /* Assets.xcassets */ = {isa = PBXFileReference; lastKnownFileType = folder.assetcatalog; path = Assets.xcassets; sourceTree = "<group>"; };
		F0268B441C05B20300EDF8C0 /* Base */ = {isa = PBXFileReference; lastKnownFileType = file.storyboard; name = Base; path = Base.lproj/LaunchScreen.storyboard; sourceTree = "<group>"; };
		F0268B461C05B20300EDF8C0 /* Info.plist */ = {isa = PBXFileReference; lastKnownFileType = text.plist.xml; path = Info.plist; sourceTree = "<group>"; };
/* End PBXFileReference section */

/* Begin PBXFrameworksBuildPhase section */
		F0268B341C05B20300EDF8C0 /* Frameworks */ = {
			isa = PBXFrameworksBuildPhase;
			buildActionMask = 2147483647;
			files = (
			);
			runOnlyForDeploymentPostprocessing = 0;
		};
/* End PBXFrameworksBuildPhase section */

/* Begin PBXGroup section */
		F0268B2E1C05B20300EDF8C0 = {
			isa = PBXGroup;
			children = (
				F0268B391C05B20300EDF8C0 /* TPremium_Home */,
				F0268B381C05B20300EDF8C0 /* Products */,
			);
			sourceTree = "<group>";
		};
		F0268B381C05B20300EDF8C0 /* Products */ = {
			isa = PBXGroup;
			children = (
				F0268B371C05B20300EDF8C0 /* TPremium_Home.app */,
			);
			name = Products;
			sourceTree = "<group>";
		};
		F0268B391C05B20300EDF8C0 /* TPremium_Home */ = {
			isa = PBXGroup;
			children = (
				F0268B3A1C05B20300EDF8C0 /* AppDelegate.swift */,
				F0268B3C1C05B20300EDF8C0 /* ViewController.swift */,
				F0268B3E1C05B20300EDF8C0 /* Main.storyboard */,
				F0268B411C05B20300EDF8C0 /* Assets.xcassets */,
				F0268B431C05B20300EDF8C0 /* LaunchScreen.storyboard */,
				F0268B461C05B20300EDF8C0 /* Info.plist */,
			);
			path = TPremium_Home;
			sourceTree = "<group>";
		};
/* End PBXGroup section */

/* Begin PBXNativeTarget section */
		F0268B361C05B20300EDF8C0 /* TPremium_Home */ = {
			isa = PBXNativeTarget;
			buildConfigurationList = F0268B491C05B20300EDF8C0 /* Build configuration list for PBXNativeTarget "TPremium_Home" */;
			buildPhases = (
				F0268B331C05B20300EDF8C0 /* Sources */,
				F0268B341C05B20300EDF8C0 /* Frameworks */,
				F0268B351C05B20300EDF8C0 /* Resources */,
			);
			buildRules = (
			);
			dependencies = (
			);
			name = TPremium_Home;
			productName = TPremium_Home;
			productReference = F0268B371C05B20300EDF8C0 /* TPremium_Home.app */;
			productType = "com.apple.product-type.application";
		};
/* End PBXNativeTarget section */

/* Begin PBXProject section */
		F0268B2F1C05B20300EDF8C0 /* Project object */ = {
			isa = PBXProject;
			attributes = {
				LastSwiftUpdateCheck = 0720;
				LastUpgradeCheck = 0720;
				ORGANIZATIONNAME = youngok;
				TargetAttributes = {
					F0268B361C05B20300EDF8C0 = {
						CreatedOnToolsVersion = 7.2;
					};
				};
			};
			buildConfigurationList = F0268B321C05B20300EDF8C0 /* Build configuration list for PBXProject "TPremium_Home" */;
			compatibilityVersion = "Xcode 3.2";
			developmentRegion = English;
			hasScannedForEncodings = 0;
			knownRegions = (
				en,
				Base,
			);
			mainGroup = F0268B2E1C05B20300EDF8C0;
			productRefGroup = F0268B381C05B20300EDF8C0 /* Products */;
			projectDirPath = "";
			projectRoot = "";
			targets = (
				F0268B361C05B20300EDF8C0 /* TPremium_Home */,
			);
		};
/* End PBXProject section */

/* Begin PBXResourcesBuildPhase section */
		F0268B351C05B20300EDF8C0 /* Resources */ = {
			isa = PBXResourcesBuildPhase;
			buildActionMask = 2147483647;
			files = (
				F0268B451C05B20300EDF8C0 /* LaunchScreen.storyboard in Resources */,
				F0268B421C05B20300EDF8C0 /* Assets.xcassets in Resources */,
				F0268B401C05B20300EDF8C0 /* Main.storyboard in Resources */,
			);
			runOnlyForDeploymentPostprocessing = 0;
		};
/* End PBXResourcesBuildPhase section */

/* Begin PBXSourcesBuildPhase section */
		F0268B331C05B20300EDF8C0 /* Sources */ = {
			isa = PBXSourcesBuildPhase;
			buildActionMask = 2147483647;
			files = (
				F0268B3D1C05B20300EDF8C0 /* ViewController.swift in Sources */,
				F0268B3B1C05B20300EDF8C0 /* AppDelegate.swift in Sources */,
			);
			runOnlyForDeploymentPostprocessing = 0;
		};
/* End PBXSourcesBuildPhase section */

/* Begin PBXVariantGroup section */
		F0268B3E1C05B20300EDF8C0 /* Main.storyboard */ = {
			isa = PBXVariantGroup;
			children = (
				F0268B3F1C05B20300EDF8C0 /* Base */,
			);
			name = Main.storyboard;
			sourceTree = "<group>";
		};
		F0268B431C05B20300EDF8C0 /* LaunchScreen.storyboard */ = {
			isa = PBXVariantGroup;
			children = (
				F0268B441C05B20300EDF8C0 /* Base */,
			);
			name = LaunchScreen.storyboard;
			sourceTree = "<group>";
		};
/* End PBXVariantGroup section */

/* Begin XCBuildConfiguration section */
		F0268B471C05B20300EDF8C0 /* Debug */ = {
			isa = XCBuildConfiguration;
			buildSettings = {
				ALWAYS_SEARCH_USER_PATHS = NO;
				CLANG_CXX_LANGUAGE_STANDARD = "gnu++0x";
				CLANG_CXX_LIBRARY = "libc++";
				CLANG_ENABLE_MODULES = YES;
				CLANG_ENABLE_OBJC_ARC = YES;
				CLANG_WARN_BOOL_CONVERSION = YES;
				CLANG_WARN_CONSTANT_CONVERSION = YES;
				CLANG_WARN_DIRECT_OBJC_ISA_USAGE = YES_ERROR;
				CLANG_WARN_EMPTY_BODY = YES;
				CLANG_WARN_ENUM_CONVERSION = YES;
				CLANG_WARN_INT_CONVERSION = YES;
				CLANG_WARN_OBJC_ROOT_CLASS = YES_ERROR;
				CLANG_WARN_UNREACHABLE_CODE = YES;
				CLANG_WARN__DUPLICATE_METHOD_MATCH = YES;
				"CODE_SIGN_IDENTITY[sdk=iphoneos*]" = "iPhone Developer";
				COPY_PHASE_STRIP = NO;
				DEBUG_INFORMATION_FORMAT = dwarf;
				ENABLE_STRICT_OBJC_MSGSEND = YES;
				ENABLE_TESTABILITY = YES;
				GCC_C_LANGUAGE_STANDARD = gnu99;
				GCC_DYNAMIC_NO_PIC = NO;
				GCC_NO_COMMON_BLOCKS = YES;
				GCC_OPTIMIZATION_LEVEL = 0;
				GCC_PREPROCESSOR_DEFINITIONS = (
					"DEBUG=1",
					"$(inherited)",
				);
				GCC_WARN_64_TO_32_BIT_CONVERSION = YES;
				GCC_WARN_ABOUT_RETURN_TYPE = YES_ERROR;
				GCC_WARN_UNDECLARED_SELECTOR = YES;
				GCC_WARN_UNINITIALIZED_AUTOS = YES_AGGRESSIVE;
				GCC_WARN_UNUSED_FUNCTION = YES;
				GCC_WARN_UNUSED_VARIABLE = YES;
				IPHONEOS_DEPLOYMENT_TARGET = 9.2;
				MTL_ENABLE_DEBUG_INFO = YES;
				ONLY_ACTIVE_ARCH = YES;
				SDKROOT = iphoneos;
				SWIFT_OPTIMIZATION_LEVEL = "-Onone";
			};
			name = Debug;
		};
		F0268B481C05B20300EDF8C0 /* Release */ = {
			isa = XCBuildConfiguration;
			buildSettings = {
				ALWAYS_SEARCH_USER_PATHS = NO;
				CLANG_CXX_LANGUAGE_STANDARD = "gnu++0x";
				CLANG_CXX_LIBRARY = "libc++";
				CLANG_ENABLE_MODULES = YES;
				CLANG_ENABLE_OBJC_ARC = YES;
				CLANG_WARN_BOOL_CONVERSION = YES;
				CLANG_WARN_CONSTANT_CONVERSION = YES;
				CLANG_WARN_DIRECT_OBJC_ISA_USAGE = YES_ERROR;
				CLANG_WARN_EMPTY_BODY = YES;
				CLANG_WARN_ENUM_CONVERSION = YES;
				CLANG_WARN_INT_CONVERSION = YES;
				CLANG_WARN_OBJC_ROOT_CLASS = YES_ERROR;
				CLANG_WARN_UNREACHABLE_CODE = YES;
				CLANG_WARN__DUPLICATE_METHOD_MATCH = YES;
				"CODE_SIGN_IDENTITY[sdk=iphoneos*]" = "iPhone Developer";
				COPY_PHASE_STRIP = NO;
				DEBUG_INFORMATION_FORMAT = "dwarf-with-dsym";
				ENABLE_NS_ASSERTIONS = NO;
				ENABLE_STRICT_OBJC_MSGSEND = YES;
				GCC_C_LANGUAGE_STANDARD = gnu99;
				GCC_NO_COMMON_BLOCKS = YES;
				GCC_WARN_64_TO_32_BIT_CONVERSION = YES;
				GCC_WARN_ABOUT_RETURN_TYPE = YES_ERROR;
				GCC_WARN_UNDECLARED_SELECTOR = YES;
				GCC_WARN_UNINITIALIZED_AUTOS = YES_AGGRESSIVE;
				GCC_WARN_UNUSED_FUNCTION = YES;
				GCC_WARN_UNUSED_VARIABLE = YES;
				IPHONEOS_DEPLOYMENT_TARGET = 9.2;
				MTL_ENABLE_DEBUG_INFO = NO;
				SDKROOT = iphoneos;
				VALIDATE_PRODUCT = YES;
			};
			name = Release;
		};
		F0268B4A1C05B20300EDF8C0 /* Debug */ = {
			isa = XCBuildConfiguration;
			buildSettings = {
				ASSETCATALOG_COMPILER_APPICON_NAME = AppIcon;
				INFOPLIST_FILE = TPremium_Home/Info.plist;
				LD_RUNPATH_SEARCH_PATHS = "$(inherited) @executable_path/Frameworks";
				PRODUCT_BUNDLE_IDENTIFIER = "kr.designus.TPremium-Home";
				PRODUCT_NAME = "$(TARGET_NAME)";
			};
			name = Debug;
		};
		F0268B4B1C05B20300EDF8C0 /* Release */ = {
			isa = XCBuildConfiguration;
			buildSettings = {
				ASSETCATALOG_COMPILER_APPICON_NAME = AppIcon;
				INFOPLIST_FILE = TPremium_Home/Info.plist;
				LD_RUNPATH_SEARCH_PATHS = "$(inherited) @executable_path/Frameworks";
				PRODUCT_BUNDLE_IDENTIFIER = "kr.designus.TPremium-Home";
				PRODUCT_NAME = "$(TARGET_NAME)";
			};
			name = Release;
		};
/* End XCBuildConfiguration section */

/* Begin XCConfigurationList section */
		F0268B321C05B20300EDF8C0 /* Build configuration list for PBXProject "TPremium_Home" */ = {
			isa = XCConfigurationList;
			buildConfigurations = (
				F0268B471C05B20300EDF8C0 /* Debug */,
				F0268B481C05B20300EDF8C0 /* Release */,
			);
			defaultConfigurationIsVisible = 0;
			defaultConfigurationName = Release;
		};
		F0268B491C05B20300EDF8C0 /* Build configuration list for PBXNativeTarget "TPremium_Home" */ = {
			isa = XCConfigurationList;
			buildConfigurations = (
				F0268B4A1C05B20300EDF8C0 /* Debug */,
				F0268B4B1C05B20300EDF8C0 /* Release */,
			);
			defaultConfigurationIsVisible = 0;
		};
/* End XCConfigurationList section */
	};
	rootObject = F0268B2F1C05B20300EDF8C0 /* Project object */;
}
